// !$*UTF8*$!
{
	archiveVersion = 1;
	classes = {
	};
	objectVersion = 56;
	objects = {

/* Begin PBXBuildFile section */
		F465A2C12918D06A0025F8DC /* AppDelegate.swift in Sources */ = {isa = PBXBuildFile; fileRef = F465A2C02918D06A0025F8DC /* AppDelegate.swift */; };
		F465A2C32918D06A0025F8DC /* SceneDelegate.swift in Sources */ = {isa = PBXBuildFile; fileRef = F465A2C22918D06A0025F8DC /* SceneDelegate.swift */; };
		F465A2C52918D06A0025F8DC /*  TodoListViewController.swift in Sources */ = {isa = PBXBuildFile; fileRef = F465A2C42918D06A0025F8DC /*  TodoListViewController.swift */; };
		F465A2C82918D06A0025F8DC /* Main.storyboard in Resources */ = {isa = PBXBuildFile; fileRef = F465A2C62918D06A0025F8DC /* Main.storyboard */; };
		F465A2CB2918D06A0025F8DC /* Todoey.xcdatamodeld in Sources */ = {isa = PBXBuildFile; fileRef = F465A2C92918D06A0025F8DC /* Todoey.xcdatamodeld */; };
		F465A2CD2918D06D0025F8DC /* Assets.xcassets in Resources */ = {isa = PBXBuildFile; fileRef = F465A2CC2918D06D0025F8DC /* Assets.xcassets */; };
		F465A2D02918D06D0025F8DC /* LaunchScreen.storyboard in Resources */ = {isa = PBXBuildFile; fileRef = F465A2CE2918D06D0025F8DC /* LaunchScreen.storyboard */; };
		F4B9711F291BA3EF002ADEBE /* Item.swift in Sources */ = {isa = PBXBuildFile; fileRef = F4B9711E291BA3EF002ADEBE /* Item.swift */; };
/* End PBXBuildFile section */

/* Begin PBXFileReference section */
		F465A2BD2918D06A0025F8DC /* Todoey.app */ = {isa = PBXFileReference; explicitFileType = wrapper.application; includeInIndex = 0; path = Todoey.app; sourceTree = BUILT_PRODUCTS_DIR; };
		F465A2C02918D06A0025F8DC /* AppDelegate.swift */ = {isa = PBXFileReference; lastKnownFileType = sourcecode.swift; path = AppDelegate.swift; sourceTree = "<group>"; };
		F465A2C22918D06A0025F8DC /* SceneDelegate.swift */ = {isa = PBXFileReference; lastKnownFileType = sourcecode.swift; path = SceneDelegate.swift; sourceTree = "<group>"; };
		F465A2C42918D06A0025F8DC /*  TodoListViewController.swift */ = {isa = PBXFileReference; lastKnownFileType = sourcecode.swift; path = " TodoListViewController.swift"; sourceTree = "<group>"; };
		F465A2C72918D06A0025F8DC /* Base */ = {isa = PBXFileReference; lastKnownFileType = file.storyboard; name = Base; path = Base.lproj/Main.storyboard; sourceTree = "<group>"; };
		F465A2CA2918D06A0025F8DC /* Todoey.xcdatamodel */ = {isa = PBXFileReference; lastKnownFileType = wrapper.xcdatamodel; path = Todoey.xcdatamodel; sourceTree = "<group>"; };
		F465A2CC2918D06D0025F8DC /* Assets.xcassets */ = {isa = PBXFileReference; lastKnownFileType = folder.assetcatalog; path = Assets.xcassets; sourceTree = "<group>"; };
		F465A2CF2918D06D0025F8DC /* Base */ = {isa = PBXFileReference; lastKnownFileType = file.storyboard; name = Base; path = Base.lproj/LaunchScreen.storyboard; sourceTree = "<group>"; };
		F465A2D12918D06D0025F8DC /* Info.plist */ = {isa = PBXFileReference; lastKnownFileType = text.plist.xml; path = Info.plist; sourceTree = "<group>"; };
		F4B9711E291BA3EF002ADEBE /* Item.swift */ = {isa = PBXFileReference; lastKnownFileType = sourcecode.swift; path = Item.swift; sourceTree = "<group>"; };
/* End PBXFileReference section */

/* Begin PBXFrameworksBuildPhase section */
		F465A2BA2918D06A0025F8DC /* Frameworks */ = {
			isa = PBXFrameworksBuildPhase;
			buildActionMask = 2147483647;
			files = (
			);
			runOnlyForDeploymentPostprocessing = 0;
		};
/* End PBXFrameworksBuildPhase section */

/* Begin PBXGroup section */
		F465A2B42918D06A0025F8DC = {
			isa = PBXGroup;
			children = (
				F465A2BF2918D06A0025F8DC /* Todoey */,
				F465A2BE2918D06A0025F8DC /* Products */,
			);
			sourceTree = "<group>";
		};
		F465A2BE2918D06A0025F8DC /* Products */ = {
			isa = PBXGroup;
			children = (
				F465A2BD2918D06A0025F8DC /* Todoey.app */,
			);
			name = Products;
			sourceTree = "<group>";
		};
		F465A2BF2918D06A0025F8DC /* Todoey */ = {
			isa = PBXGroup;
			children = (
				F465A2C02918D06A0025F8DC /* AppDelegate.swift */,
				F465A2C22918D06A0025F8DC /* SceneDelegate.swift */,
				F465A2D92918D0960025F8DC /* Models */,
				F465A2D82918D08C0025F8DC /* Views */,
				F465A2D72918D0810025F8DC /* Controllers */,
				F4B97120291BA6A5002ADEBE /* Supporting Files */,
				F465A2D12918D06D0025F8DC /* Info.plist */,
				F465A2C92918D06A0025F8DC /* Todoey.xcdatamodeld */,
			);
			path = Todoey;
			sourceTree = "<group>";
		};
		F465A2D72918D0810025F8DC /* Controllers */ = {
			isa = PBXGroup;
			children = (
				F465A2C42918D06A0025F8DC /*  TodoListViewController.swift */,
			);
			path = Controllers;
			sourceTree = "<group>";
		};
		F465A2D82918D08C0025F8DC /* Views */ = {
			isa = PBXGroup;
			children = (
				F465A2C62918D06A0025F8DC /* Main.storyboard */,
			);
			path = Views;
			sourceTree = "<group>";
		};
		F465A2D92918D0960025F8DC /* Models */ = {
			isa = PBXGroup;
			children = (
				F4B9711E291BA3EF002ADEBE /* Item.swift */,
			);
			path = Models;
			sourceTree = "<group>";
		};
		F4B97120291BA6A5002ADEBE /* Supporting Files */ = {
			isa = PBXGroup;
			children = (
				F465A2CC2918D06D0025F8DC /* Assets.xcassets */,
				F465A2CE2918D06D0025F8DC /* LaunchScreen.storyboard */,
			);
			path = "Supporting Files";
			sourceTree = "<group>";
		};
/* End PBXGroup section */

/* Begin PBXNativeTarget section */
		F465A2BC2918D06A0025F8DC /* Todoey */ = {
			isa = PBXNativeTarget;
			buildConfigurationList = F465A2D42918D06D0025F8DC /* Build configuration list for PBXNativeTarget "Todoey" */;
			buildPhases = (
				F465A2B92918D06A0025F8DC /* Sources */,
				F465A2BA2918D06A0025F8DC /* Frameworks */,
				F465A2BB2918D06A0025F8DC /* Resources */,
			);
			buildRules = (
			);
			dependencies = (
			);
			name = Todoey;
			productName = Todoey;
			productReference = F465A2BD2918D06A0025F8DC /* Todoey.app */;
			productType = "com.apple.product-type.application";
		};
/* End PBXNativeTarget section */

/* Begin PBXProject section */
		F465A2B52918D06A0025F8DC /* Project object */ = {
			isa = PBXProject;
			attributes = {
				BuildIndependentTargetsInParallel = 1;
				LastSwiftUpdateCheck = 1410;
				LastUpgradeCheck = 1410;
				TargetAttributes = {
					F465A2BC2918D06A0025F8DC = {
						CreatedOnToolsVersion = 14.1;
					};
				};
			};
			buildConfigurationList = F465A2B82918D06A0025F8DC /* Build configuration list for PBXProject "Todoey" */;
			compatibilityVersion = "Xcode 14.0";
			developmentRegion = en;
			hasScannedForEncodings = 0;
			knownRegions = (
				en,
				Base,
			);
			mainGroup = F465A2B42918D06A0025F8DC;
			productRefGroup = F465A2BE2918D06A0025F8DC /* Products */;
			projectDirPath = "";
			projectRoot = "";
			targets = (
				F465A2BC2918D06A0025F8DC /* Todoey */,
			);
		};
/* End PBXProject section */

/* Begin PBXResourcesBuildPhase section */
		F465A2BB2918D06A0025F8DC /* Resources */ = {
			isa = PBXResourcesBuildPhase;
			buildActionMask = 2147483647;
			files = (
				F465A2D02918D06D0025F8DC /* LaunchScreen.storyboard in Resources */,
				F465A2CD2918D06D0025F8DC /* Assets.xcassets in Resources */,
				F465A2C82918D06A0025F8DC /* Main.storyboard in Resources */,
			);
			runOnlyForDeploymentPostprocessing = 0;
		};
/* End PBXResourcesBuildPhase section */

/* Begin PBXSourcesBuildPhase section */
		F465A2B92918D06A0025F8DC /* Sources */ = {
			isa = PBXSourcesBuildPhase;
			buildActionMask = 2147483647;
			files = (
				F4B9711F291BA3EF002ADEBE /* Item.swift in Sources */,
				F465A2C52918D06A0025F8DC /*  TodoListViewController.swift in Sources */,
				F465A2C12918D06A0025F8DC /* AppDelegate.swift in Sources */,
				F465A2C32918D06A0025F8DC /* SceneDelegate.swift in Sources */,
				F465A2CB2918D06A0025F8DC /* Todoey.xcdatamodeld in Sources */,
			);
			runOnlyForDeploymentPostprocessing = 0;
		};
/* End PBXSourcesBuildPhase section */

/* Begin PBXVariantGroup section */
		F465A2C62918D06A0025F8DC /* Main.storyboard */ = {
			isa = PBXVariantGroup;
			children = (
				F465A2C72918D06A0025F8DC /* Base */,
			);
			name = Main.storyboard;
			sourceTree = "<group>";
		};
		F465A2CE2918D06D0025F8DC /* LaunchScreen.storyboard */ = {
			isa = PBXVariantGroup;
			children = (
				F465A2CF2918D06D0025F8DC /* Base */,
			);
			name = LaunchScreen.storyboard;
			sourceTree = "<group>";
		};
/* End PBXVariantGroup section */

/* Begin XCBuildConfiguration section */
		F465A2D22918D06D0025F8DC /* Debug */ = {
			isa = XCBuildConfiguration;
			buildSettings = {
				ALWAYS_SEARCH_USER_PATHS = NO;
				CLANG_ANALYZER_NONNULL = YES;
				CLANG_ANALYZER_NUMBER_OBJECT_CONVERSION = YES_AGGRESSIVE;
				CLANG_CXX_LANGUAGE_STANDARD = "gnu++20";
				CLANG_ENABLE_MODULES = YES;
				CLANG_ENABLE_OBJC_ARC = YES;
				CLANG_ENABLE_OBJC_WEAK = YES;
				CLANG_WARN_BLOCK_CAPTURE_AUTORELEASING = YES;
				CLANG_WARN_BOOL_CONVERSION = YES;
				CLANG_WARN_COMMA = YES;
				CLANG_WARN_CONSTANT_CONVERSION = YES;
				CLANG_WARN_DEPRECATED_OBJC_IMPLEMENTATIONS = YES;
				CLANG_WARN_DIRECT_OBJC_ISA_USAGE = YES_ERROR;
				CLANG_WARN_DOCUMENTATION_COMMENTS = YES;
				CLANG_WARN_EMPTY_BODY = YES;
				CLANG_WARN_ENUM_CONVERSION = YES;
				CLANG_WARN_INFINITE_RECURSION = YES;
				CLANG_WARN_INT_CONVERSION = YES;
				CLANG_WARN_NON_LITERAL_NULL_CONVERSION = YES;
				CLANG_WARN_OBJC_IMPLICIT_RETAIN_SELF = YES;
				CLANG_WARN_OBJC_LITERAL_CONVERSION = YES;
				CLANG_WARN_OBJC_ROOT_CLASS = YES_ERROR;
				CLANG_WARN_QUOTED_INCLUDE_IN_FRAMEWORK_HEADER = YES;
				CLANG_WARN_RANGE_LOOP_ANALYSIS = YES;
				CLANG_WARN_STRICT_PROTOTYPES = YES;
				CLANG_WARN_SUSPICIOUS_MOVE = YES;
				CLANG_WARN_UNGUARDED_AVAILABILITY = YES_AGGRESSIVE;
				CLANG_WARN_UNREACHABLE_CODE = YES;
				CLANG_WARN__DUPLICATE_METHOD_MATCH = YES;
				COPY_PHASE_STRIP = NO;
				DEBUG_INFORMATION_FORMAT = dwarf;
				ENABLE_STRICT_OBJC_MSGSEND = YES;
				ENABLE_TESTABILITY = YES;
				GCC_C_LANGUAGE_STANDARD = gnu11;
				GCC_DYNAMIC_NO_PIC = NO;
				GCC_NO_COMMON_BLOCKS = YES;
				GCC_OPTIMIZATION_LEVEL = 0;
				GCC_PREPROCESSOR_DEFINITIONS = (
					"DEBUG=1",
					"$(inherited)",
				);
				GCC_WARN_64_TO_32_BIT_CONVERSION = YES;
				GCC_WARN_ABOUT_RETURN_TYPE = YES_ERROR;
				GCC_WARN_UNDECLARED_SELECTOR = YES;
				GCC_WARN_UNINITIALIZED_AUTOS = YES_AGGRESSIVE;
				GCC_WARN_UNUSED_FUNCTION = YES;
				GCC_WARN_UNUSED_VARIABLE = YES;
				IPHONEOS_DEPLOYMENT_TARGET = 13.0;
				MTL_ENABLE_DEBUG_INFO = INCLUDE_SOURCE;
				MTL_FAST_MATH = YES;
				ONLY_ACTIVE_ARCH = YES;
				SDKROOT = iphoneos;
				SWIFT_ACTIVE_COMPILATION_CONDITIONS = DEBUG;
				SWIFT_OPTIMIZATION_LEVEL = "-Onone";
			};
			name = Debug;
		};
		F465A2D32918D06D0025F8DC /* Release */ = {
			isa = XCBuildConfiguration;
			buildSettings = {
				ALWAYS_SEARCH_USER_PATHS = NO;
				CLANG_ANALYZER_NONNULL = YES;
				CLANG_ANALYZER_NUMBER_OBJECT_CONVERSION = YES_AGGRESSIVE;
				CLANG_CXX_LANGUAGE_STANDARD = "gnu++20";
				CLANG_ENABLE_MODULES = YES;
				CLANG_ENABLE_OBJC_ARC = YES;
				CLANG_ENABLE_OBJC_WEAK = YES;
				CLANG_WARN_BLOCK_CAPTURE_AUTORELEASING = YES;
				CLANG_WARN_BOOL_CONVERSION = YES;
				CLANG_WARN_COMMA = YES;
				CLANG_WARN_CONSTANT_CONVERSION = YES;
				CLANG_WARN_DEPRECATED_OBJC_IMPLEMENTATIONS = YES;
				CLANG_WARN_DIRECT_OBJC_ISA_USAGE = YES_ERROR;
				CLANG_WARN_DOCUMENTATION_COMMENTS = YES;
				CLANG_WARN_EMPTY_BODY = YES;
				CLANG_WARN_ENUM_CONVERSION = YES;
				CLANG_WARN_INFINITE_RECURSION = YES;
				CLANG_WARN_INT_CONVERSION = YES;
				CLANG_WARN_NON_LITERAL_NULL_CONVERSION = YES;
				CLANG_WARN_OBJC_IMPLICIT_RETAIN_SELF = YES;
				CLANG_WARN_OBJC_LITERAL_CONVERSION = YES;
				CLANG_WARN_OBJC_ROOT_CLASS = YES_ERROR;
				CLANG_WARN_QUOTED_INCLUDE_IN_FRAMEWORK_HEADER = YES;
				CLANG_WARN_RANGE_LOOP_ANALYSIS = YES;
				CLANG_WARN_STRICT_PROTOTYPES = YES;
				CLANG_WARN_SUSPICIOUS_MOVE = YES;
				CLANG_WARN_UNGUARDED_AVAILABILITY = YES_AGGRESSIVE;
				CLANG_WARN_UNREACHABLE_CODE = YES;
				CLANG_WARN__DUPLICATE_METHOD_MATCH = YES;
				COPY_PHASE_STRIP = NO;
				DEBUG_INFORMATION_FORMAT = "dwarf-with-dsym";
				ENABLE_NS_ASSERTIONS = NO;
				ENABLE_STRICT_OBJC_MSGSEND = YES;
				GCC_C_LANGUAGE_STANDARD = gnu11;
				GCC_NO_COMMON_BLOCKS = YES;
				GCC_WARN_64_TO_32_BIT_CONVERSION = YES;
				GCC_WARN_ABOUT_RETURN_TYPE = YES_ERROR;
				GCC_WARN_UNDECLARED_SELECTOR = YES;
				GCC_WARN_UNINITIALIZED_AUTOS = YES_AGGRESSIVE;
				GCC_WARN_UNUSED_FUNCTION = YES;
				GCC_WARN_UNUSED_VARIABLE = YES;
				IPHONEOS_DEPLOYMENT_TARGET = 13.0;
				MTL_ENABLE_DEBUG_INFO = NO;
				MTL_FAST_MATH = YES;
				SDKROOT = iphoneos;
				SWIFT_COMPILATION_MODE = wholemodule;
				SWIFT_OPTIMIZATION_LEVEL = "-O";
				VALIDATE_PRODUCT = YES;
			};
			name = Release;
		};
		F465A2D52918D06D0025F8DC /* Debug */ = {
			isa = XCBuildConfiguration;
			buildSettings = {
				ASSETCATALOG_COMPILER_APPICON_NAME = AppIcon;
				ASSETCATALOG_COMPILER_GLOBAL_ACCENT_COLOR_NAME = AccentColor;
				CODE_SIGN_STYLE = Automatic;
				CURRENT_PROJECT_VERSION = 1;
				DEVELOPMENT_TEAM = 2A24MHPLW4;
				GENERATE_INFOPLIST_FILE = YES;
				INFOPLIST_FILE = Todoey/Info.plist;
				INFOPLIST_KEY_UIApplicationSupportsIndirectInputEvents = YES;
				INFOPLIST_KEY_UILaunchStoryboardName = LaunchScreen;
				INFOPLIST_KEY_UIMainStoryboardFile = Main;
				INFOPLIST_KEY_UISupportedInterfaceOrientations = UIInterfaceOrientationPortrait;
				IPHONEOS_DEPLOYMENT_TARGET = 13.0;
				LD_RUNPATH_SEARCH_PATHS = (
					"$(inherited)",
					"@executable_path/Frameworks",
				);
				MARKETING_VERSION = 1.0;
				PRODUCT_BUNDLE_IDENTIFIER = com.Katharos.Todoey;
				PRODUCT_NAME = "$(TARGET_NAME)";
				SWIFT_EMIT_LOC_STRINGS = YES;
				SWIFT_VERSION = 5.0;
				TARGETED_DEVICE_FAMILY = "1,2";
			};
			name = Debug;
		};
		F465A2D62918D06D0025F8DC /* Release */ = {
			isa = XCBuildConfiguration;
			buildSettings = {
				ASSETCATALOG_COMPILER_APPICON_NAME = AppIcon;
				ASSETCATALOG_COMPILER_GLOBAL_ACCENT_COLOR_NAME = AccentColor;
				CODE_SIGN_STYLE = Automatic;
				CURRENT_PROJECT_VERSION = 1;
				DEVELOPMENT_TEAM = 2A24MHPLW4;
				GENERATE_INFOPLIST_FILE = YES;
				INFOPLIST_FILE = Todoey/Info.plist;
				INFOPLIST_KEY_UIApplicationSupportsIndirectInputEvents = YES;
				INFOPLIST_KEY_UILaunchStoryboardName = LaunchScreen;
				INFOPLIST_KEY_UIMainStoryboardFile = Main;
				INFOPLIST_KEY_UISupportedInterfaceOrientations = UIInterfaceOrientationPortrait;
				IPHONEOS_DEPLOYMENT_TARGET = 13.0;
				LD_RUNPATH_SEARCH_PATHS = (
					"$(inherited)",
					"@executable_path/Frameworks",
				);
				MARKETING_VERSION = 1.0;
				PRODUCT_BUNDLE_IDENTIFIER = com.Katharos.Todoey;
				PRODUCT_NAME = "$(TARGET_NAME)";
				SWIFT_EMIT_LOC_STRINGS = YES;
				SWIFT_VERSION = 5.0;
				TARGETED_DEVICE_FAMILY = "1,2";
			};
			name = Release;
		};
/* End XCBuildConfiguration section */

/* Begin XCConfigurationList section */
		F465A2B82918D06A0025F8DC /* Build configuration list for PBXProject "Todoey" */ = {
			isa = XCConfigurationList;
			buildConfigurations = (
				F465A2D22918D06D0025F8DC /* Debug */,
				F465A2D32918D06D0025F8DC /* Release */,
			);
			defaultConfigurationIsVisible = 0;
			defaultConfigurationName = Release;
		};
		F465A2D42918D06D0025F8DC /* Build configuration list for PBXNativeTarget "Todoey" */ = {
			isa = XCConfigurationList;
			buildConfigurations = (
				F465A2D52918D06D0025F8DC /* Debug */,
				F465A2D62918D06D0025F8DC /* Release */,
			);
			defaultConfigurationIsVisible = 0;
			defaultConfigurationName = Release;
		};
/* End XCConfigurationList section */

/* Begin XCVersionGroup section */
		F465A2C92918D06A0025F8DC /* Todoey.xcdatamodeld */ = {
			isa = XCVersionGroup;
			children = (
				F465A2CA2918D06A0025F8DC /* Todoey.xcdatamodel */,
			);
			currentVersion = F465A2CA2918D06A0025F8DC /* Todoey.xcdatamodel */;
			path = Todoey.xcdatamodeld;
			sourceTree = "<group>";
			versionGroupType = wrapper.xcdatamodel;
		};
/* End XCVersionGroup section */
	};
	rootObject = F465A2B52918D06A0025F8DC /* Project object */;
}
